
Microsoft Visual Studio Solution File, Format Version 12.00
# Visual Studio Version 16
VisualStudioVersion = 16.0.31205.134
MinimumVisualStudioVersion = 10.0.40219.1
Project("{9A19103F-16F7-4668-BE54-9A1E7A4F7556}") = "Game safe", "Game safe\Game safe.csproj", "{B24F4F34-FC78-440E-B416-D570B7447840}"
EndProject
Project("{FAE04EC0-301F-11D3-BF4B-00C04F79EFBC}") = "Game safe console", "Game safe console\Game safe console.csproj", "{C005F519-4668-4B2A-A0FF-0662E220E00C}"
	ProjectSection(ProjectDependencies) = postProject
		{E04A4452-C18F-4505-B5EF-8C72569472E8} = {E04A4452-C18F-4505-B5EF-8C72569472E8}
	EndProjectSection
EndProject
Project("{8BC9CEB8-8B4A-11D0-8D11-00A0C91BC942}") = "ConsoleTool", "ConsoleTool\ConsoleTool.vcxproj", "{E04A4452-C18F-4505-B5EF-8C72569472E8}"
EndProject
Project("{FAE04EC0-301F-11D3-BF4B-00C04F79EFBC}") = "SafeLibrary", "SafeLibrary\SafeLibrary.csproj", "{31A1FB11-E8D4-4E6C-B821-2E7EAA51996D}"
EndProject
Global
	GlobalSection(SolutionConfigurationPlatforms) = preSolution
		Debug|Any CPU = Debug|Any CPU
		Debug|x64 = Debug|x64
		Debug|x86 = Debug|x86
		Release|Any CPU = Release|Any CPU
		Release|x64 = Release|x64
		Release|x86 = Release|x86
	EndGlobalSection
	GlobalSection(ProjectConfigurationPlatforms) = postSolution
		{B24F4F34-FC78-440E-B416-D570B7447840}.Debug|Any CPU.ActiveCfg = Debug|Any CPU
		{B24F4F34-FC78-440E-B416-D570B7447840}.Debug|Any CPU.Build.0 = Debug|Any CPU
		{B24F4F34-FC78-440E-B416-D570B7447840}.Debug|x64.ActiveCfg = Debug|Any CPU
		{B24F4F34-FC78-440E-B416-D570B7447840}.Debug|x64.Build.0 = Debug|Any CPU
		{B24F4F34-FC78-440E-B416-D570B7447840}.Debug|x86.ActiveCfg = Debug|Any CPU
		{B24F4F34-FC78-440E-B416-D570B7447840}.Debug|x86.Build.0 = Debug|Any CPU
		{B24F4F34-FC78-440E-B416-D570B7447840}.Release|Any CPU.ActiveCfg = Release|Any CPU
		{B24F4F34-FC78-440E-B416-D570B7447840}.Release|Any CPU.Build.0 = Release|Any CPU
		{B24F4F34-FC78-440E-B416-D570B7447840}.Release|x64.ActiveCfg = Release|Any CPU
		{B24F4F34-FC78-440E-B416-D570B7447840}.Release|x64.Build.0 = Release|Any CPU
		{B24F4F34-FC78-440E-B416-D570B7447840}.Release|x86.ActiveCfg = Release|Any CPU
		{B24F4F34-FC78-440E-B416-D570B7447840}.Release|x86.Build.0 = Release|Any CPU
		{C005F519-4668-4B2A-A0FF-0662E220E00C}.Debug|Any CPU.ActiveCfg = Debug|Any CPU
		{C005F519-4668-4B2A-A0FF-0662E220E00C}.Debug|Any CPU.Build.0 = Debug|Any CPU
		{C005F519-4668-4B2A-A0FF-0662E220E00C}.Debug|x64.ActiveCfg = Debug|Any CPU
		{C005F519-4668-4B2A-A0FF-0662E220E00C}.Debug|x64.Build.0 = Debug|Any CPU
		{C005F519-4668-4B2A-A0FF-0662E220E00C}.Debug|x86.ActiveCfg = Debug|Any CPU
		{C005F519-4668-4B2A-A0FF-0662E220E00C}.Debug|x86.Build.0 = Debug|Any CPU
		{C005F519-4668-4B2A-A0FF-0662E220E00C}.Release|Any CPU.ActiveCfg = Release|Any CPU
		{C005F519-4668-4B2A-A0FF-0662E220E00C}.Release|Any CPU.Build.0 = Release|Any CPU
		{C005F519-4668-4B2A-A0FF-0662E220E00C}.Release|x64.ActiveCfg = Release|Any CPU
		{C005F519-4668-4B2A-A0FF-0662E220E00C}.Release|x64.Build.0 = Release|Any CPU
		{C005F519-4668-4B2A-A0FF-0662E220E00C}.Release|x86.ActiveCfg = Release|Any CPU
		{C005F519-4668-4B2A-A0FF-0662E220E00C}.Release|x86.Build.0 = Release|Any CPU
		{E04A4452-C18F-4505-B5EF-8C72569472E8}.Debug|Any CPU.ActiveCfg = Debug|Win32
		{E04A4452-C18F-4505-B5EF-8C72569472E8}.Debug|x64.ActiveCfg = Debug|x64
		{E04A4452-C18F-4505-B5EF-8C72569472E8}.Debug|x64.Build.0 = Debug|x64
		{E04A4452-C18F-4505-B5EF-8C72569472E8}.Debug|x86.ActiveCfg = Debug|Win32
		{E04A4452-C18F-4505-B5EF-8C72569472E8}.Debug|x86.Build.0 = Debug|Win32
		{E04A4452-C18F-4505-B5EF-8C72569472E8}.Release|Any CPU.ActiveCfg = Release|Win32
		{E04A4452-C18F-4505-B5EF-8C72569472E8}.Release|x64.ActiveCfg = Release|x64
		{E04A4452-C18F-4505-B5EF-8C72569472E8}.Release|x64.Build.0 = Release|x64
		{E04A4452-C18F-4505-B5EF-8C72569472E8}.Release|x86.ActiveCfg = Release|Win32
		{E04A4452-C18F-4505-B5EF-8C72569472E8}.Release|x86.Build.0 = Release|Win32
		{31A1FB11-E8D4-4E6C-B821-2E7EAA51996D}.Debug|Any CPU.ActiveCfg = Debug|Any CPU
		{31A1FB11-E8D4-4E6C-B821-2E7EAA51996D}.Debug|Any CPU.Build.0 = Debug|Any CPU
		{31A1FB11-E8D4-4E6C-B821-2E7EAA51996D}.Debug|x64.ActiveCfg = Debug|Any CPU
		{31A1FB11-E8D4-4E6C-B821-2E7EAA51996D}.Debug|x64.Build.0 = Debug|Any CPU
		{31A1FB11-E8D4-4E6C-B821-2E7EAA51996D}.Debug|x86.ActiveCfg = Debug|Any CPU
		{31A1FB11-E8D4-4E6C-B821-2E7EAA51996D}.Debug|x86.Build.0 = Debug|Any CPU
		{31A1FB11-E8D4-4E6C-B821-2E7EAA51996D}.Release|Any CPU.ActiveCfg = Release|Any CPU
		{31A1FB11-E8D4-4E6C-B821-2E7EAA51996D}.Release|Any CPU.Build.0 = Release|Any CPU
		{31A1FB11-E8D4-4E6C-B821-2E7EAA51996D}.Release|x64.ActiveCfg = Release|Any CPU
		{31A1FB11-E8D4-4E6C-B821-2E7EAA51996D}.Release|x64.Build.0 = Release|Any CPU
		{31A1FB11-E8D4-4E6C-B821-2E7EAA51996D}.Release|x86.ActiveCfg = Release|Any CPU
		{31A1FB11-E8D4-4E6C-B821-2E7EAA51996D}.Release|x86.Build.0 = Release|Any CPU
	EndGlobalSection
	GlobalSection(SolutionProperties) = preSolution
		HideSolutionNode = FALSE
	EndGlobalSection
	GlobalSection(ExtensibilityGlobals) = postSolution
		SolutionGuid = {A7E0ECB7-825A-48FF-8874-FBF5216BD678}
	EndGlobalSection
EndGlobal
